
Microsoft Visual Studio Solution File, Format Version 12.00
# Visual Studio 2013
Project("{FAE04EC0-301F-11D3-BF4B-00C04F79EFBC}") = "ShowWhen.CSharp", "ShowWhen.CSharp.csproj", "{C5CCF588-8D06-4A77-4A52-391EFFF8D47F}"
EndProject
Project("{FAE04EC0-301F-11D3-BF4B-00C04F79EFBC}") = "ShowWhen.CSharp.Editor", "ShowWhen.CSharp.Editor.csproj", "{549D57D6-346D-72C9-5043-78E7E393F39D}"
EndProject
Global
	GlobalSection(SolutionConfigurationPlatforms) = preSolution
		Debug|Any CPU = Debug|Any CPU
		Release|Any CPU = Release|Any CPU
	EndGlobalSection
	GlobalSection(ProjectConfigurationPlatforms) = postSolution
		{C5CCF588-8D06-4A77-4A52-391EFFF8D47F}.Debug|Any CPU.ActiveCfg = Debug|Any CPU
		{C5CCF588-8D06-4A77-4A52-391EFFF8D47F}.Debug|Any CPU.Build.0 = Debug|Any CPU
		{C5CCF588-8D06-4A77-4A52-391EFFF8D47F}.Release|Any CPU.ActiveCfg = Release|Any CPU
		{C5CCF588-8D06-4A77-4A52-391EFFF8D47F}.Release|Any CPU.Build.0 = Release|Any CPU
		{549D57D6-346D-72C9-5043-78E7E393F39D}.Debug|Any CPU.ActiveCfg = Debug|Any CPU
		{549D57D6-346D-72C9-5043-78E7E393F39D}.Debug|Any CPU.Build.0 = Debug|Any CPU
		{549D57D6-346D-72C9-5043-78E7E393F39D}.Release|Any CPU.ActiveCfg = Release|Any CPU
		{549D57D6-346D-72C9-5043-78E7E393F39D}.Release|Any CPU.Build.0 = Release|Any CPU
	EndGlobalSection
	GlobalSection(SolutionProperties) = preSolution
		HideSolutionNode = FALSE
	EndGlobalSection
EndGlobal
